
Microsoft Visual Studio Solution File, Format Version 12.00
# Visual Studio 14
VisualStudioVersion = 14.0.25420.1
MinimumVisualStudioVersion = 10.0.40219.1
Project("{FAE04EC0-301F-11D3-BF4B-00C04F79EFBC}") = "c2d_console", "c2d_console\c2d_console.csproj", "{451DB408-83FB-4962-B1B0-F0AE60F107AE}"
EndProject
Global
	GlobalSection(SolutionConfigurationPlatforms) = preSolution
		Debug|Any CPU = Debug|Any CPU
		Release|Any CPU = Release|Any CPU
	EndGlobalSection
	GlobalSection(ProjectConfigurationPlatforms) = postSolution
		{451DB408-83FB-4962-B1B0-F0AE60F107AE}.Debug|Any CPU.ActiveCfg = Debug|Any CPU
		{451DB408-83FB-4962-B1B0-F0AE60F107AE}.Debug|Any CPU.Build.0 = Debug|Any CPU
		{451DB408-83FB-4962-B1B0-F0AE60F107AE}.Release|Any CPU.ActiveCfg = Release|Any CPU
		{451DB408-83FB-4962-B1B0-F0AE60F107AE}.Release|Any CPU.Build.0 = Release|Any CPU
	EndGlobalSection
	GlobalSection(SolutionProperties) = preSolution
		HideSolutionNode = FALSE
	EndGlobalSection
EndGlobal
